
Microsoft Visual Studio Solution File, Format Version 12.00
# Visual Studio Version 17
VisualStudioVersion = 17.4.33122.133
MinimumVisualStudioVersion = 10.0.40219.1
Project("{FAE04EC0-301F-11D3-BF4B-00C04F79EFBC}") = "Dijkstra online source", "Dijkstra online source\Dijkstra online source.csproj", "{AF68DBD8-C284-44B2-BE15-33B97B5C0405}"
EndProject
Global
	GlobalSection(SolutionConfigurationPlatforms) = preSolution
		Debug|Any CPU = Debug|Any CPU
		Release|Any CPU = Release|Any CPU
	EndGlobalSection
	GlobalSection(ProjectConfigurationPlatforms) = postSolution
		{AF68DBD8-C284-44B2-BE15-33B97B5C0405}.Debug|Any CPU.ActiveCfg = Debug|Any CPU
		{AF68DBD8-C284-44B2-BE15-33B97B5C0405}.Debug|Any CPU.Build.0 = Debug|Any CPU
		{AF68DBD8-C284-44B2-BE15-33B97B5C0405}.Release|Any CPU.ActiveCfg = Release|Any CPU
		{AF68DBD8-C284-44B2-BE15-33B97B5C0405}.Release|Any CPU.Build.0 = Release|Any CPU
	EndGlobalSection
	GlobalSection(SolutionProperties) = preSolution
		HideSolutionNode = FALSE
	EndGlobalSection
	GlobalSection(ExtensibilityGlobals) = postSolution
		SolutionGuid = {0E7FD4B2-D6C3-4533-B9E2-092870ABE643}
	EndGlobalSection
EndGlobal
